// !$*UTF8*$!
{
	archiveVersion = 1;
	classes = {
	};
	objectVersion = 46;
	objects = {

/* Begin PBXBuildFile section */
		E7269E391EB8CA650044F1C3 /* AppDelegate.swift in Sources */ = {isa = PBXBuildFile; fileRef = E7269E381EB8CA650044F1C3 /* AppDelegate.swift */; };
		E7269E3B1EB8CA650044F1C3 /* ViewController.swift in Sources */ = {isa = PBXBuildFile; fileRef = E7269E3A1EB8CA650044F1C3 /* ViewController.swift */; };
		E7269E3E1EB8CA650044F1C3 /* Main.storyboard in Resources */ = {isa = PBXBuildFile; fileRef = E7269E3C1EB8CA650044F1C3 /* Main.storyboard */; };
		E7269E401EB8CA650044F1C3 /* Assets.xcassets in Resources */ = {isa = PBXBuildFile; fileRef = E7269E3F1EB8CA650044F1C3 /* Assets.xcassets */; };
		E7269E431EB8CA650044F1C3 /* LaunchScreen.storyboard in Resources */ = {isa = PBXBuildFile; fileRef = E7269E411EB8CA650044F1C3 /* LaunchScreen.storyboard */; };
		E7269E481EB8CA650044F1C3 /* Diversion Log WatchKit App.app in Embed Watch Content */ = {isa = PBXBuildFile; fileRef = E7269E471EB8CA650044F1C3 /* Diversion Log WatchKit App.app */; };
		E7269E4E1EB8CA650044F1C3 /* Interface.storyboard in Resources */ = {isa = PBXBuildFile; fileRef = E7269E4C1EB8CA650044F1C3 /* Interface.storyboard */; };
		E7269E501EB8CA650044F1C3 /* Assets.xcassets in Resources */ = {isa = PBXBuildFile; fileRef = E7269E4F1EB8CA650044F1C3 /* Assets.xcassets */; };
		E7269E571EB8CA650044F1C3 /* Diversion Log WatchKit Extension.appex in Embed App Extensions */ = {isa = PBXBuildFile; fileRef = E7269E561EB8CA650044F1C3 /* Diversion Log WatchKit Extension.appex */; settings = {ATTRIBUTES = (RemoveHeadersOnCopy, ); }; };
		E7269E5E1EB8CA650044F1C3 /* InterfaceController.swift in Sources */ = {isa = PBXBuildFile; fileRef = E7269E5D1EB8CA650044F1C3 /* InterfaceController.swift */; };
		E7269E601EB8CA650044F1C3 /* ExtensionDelegate.swift in Sources */ = {isa = PBXBuildFile; fileRef = E7269E5F1EB8CA650044F1C3 /* ExtensionDelegate.swift */; };
		E7269E621EB8CA650044F1C3 /* NotificationController.swift in Sources */ = {isa = PBXBuildFile; fileRef = E7269E611EB8CA650044F1C3 /* NotificationController.swift */; };
		E7269E641EB8CA650044F1C3 /* Assets.xcassets in Resources */ = {isa = PBXBuildFile; fileRef = E7269E631EB8CA650044F1C3 /* Assets.xcassets */; };
/* End PBXBuildFile section */

/* Begin PBXContainerItemProxy section */
		E7269E491EB8CA650044F1C3 /* PBXContainerItemProxy */ = {
			isa = PBXContainerItemProxy;
			containerPortal = E7269E2D1EB8CA640044F1C3 /* Project object */;
			proxyType = 1;
			remoteGlobalIDString = E7269E461EB8CA650044F1C3;
			remoteInfo = "Diversion Log WatchKit App";
		};
		E7269E581EB8CA650044F1C3 /* PBXContainerItemProxy */ = {
			isa = PBXContainerItemProxy;
			containerPortal = E7269E2D1EB8CA640044F1C3 /* Project object */;
			proxyType = 1;
			remoteGlobalIDString = E7269E551EB8CA650044F1C3;
			remoteInfo = "Diversion Log WatchKit Extension";
		};
/* End PBXContainerItemProxy section */

/* Begin PBXCopyFilesBuildPhase section */
		E7269E6B1EB8CA650044F1C3 /* Embed App Extensions */ = {
			isa = PBXCopyFilesBuildPhase;
			buildActionMask = 2147483647;
			dstPath = "";
			dstSubfolderSpec = 13;
			files = (
				E7269E571EB8CA650044F1C3 /* Diversion Log WatchKit Extension.appex in Embed App Extensions */,
			);
			name = "Embed App Extensions";
			runOnlyForDeploymentPostprocessing = 0;
		};
		E7269E6F1EB8CA650044F1C3 /* Embed Watch Content */ = {
			isa = PBXCopyFilesBuildPhase;
			buildActionMask = 2147483647;
			dstPath = "$(CONTENTS_FOLDER_PATH)/Watch";
			dstSubfolderSpec = 16;
			files = (
				E7269E481EB8CA650044F1C3 /* Diversion Log WatchKit App.app in Embed Watch Content */,
			);
			name = "Embed Watch Content";
			runOnlyForDeploymentPostprocessing = 0;
		};
/* End PBXCopyFilesBuildPhase section */

/* Begin PBXFileReference section */
		E7269E351EB8CA650044F1C3 /* Diversion Log.app */ = {isa = PBXFileReference; explicitFileType = wrapper.application; includeInIndex = 0; path = "Diversion Log.app"; sourceTree = BUILT_PRODUCTS_DIR; };
		E7269E381EB8CA650044F1C3 /* AppDelegate.swift */ = {isa = PBXFileReference; lastKnownFileType = sourcecode.swift; path = AppDelegate.swift; sourceTree = "<group>"; };
		E7269E3A1EB8CA650044F1C3 /* ViewController.swift */ = {isa = PBXFileReference; lastKnownFileType = sourcecode.swift; path = ViewController.swift; sourceTree = "<group>"; };
		E7269E3D1EB8CA650044F1C3 /* Base */ = {isa = PBXFileReference; lastKnownFileType = file.storyboard; name = Base; path = Base.lproj/Main.storyboard; sourceTree = "<group>"; };
		E7269E3F1EB8CA650044F1C3 /* Assets.xcassets */ = {isa = PBXFileReference; lastKnownFileType = folder.assetcatalog; path = Assets.xcassets; sourceTree = "<group>"; };
		E7269E421EB8CA650044F1C3 /* Base */ = {isa = PBXFileReference; lastKnownFileType = file.storyboard; name = Base; path = Base.lproj/LaunchScreen.storyboard; sourceTree = "<group>"; };
		E7269E441EB8CA650044F1C3 /* Info.plist */ = {isa = PBXFileReference; lastKnownFileType = text.plist.xml; path = Info.plist; sourceTree = "<group>"; };
		E7269E471EB8CA650044F1C3 /* Diversion Log WatchKit App.app */ = {isa = PBXFileReference; explicitFileType = wrapper.application; includeInIndex = 0; path = "Diversion Log WatchKit App.app"; sourceTree = BUILT_PRODUCTS_DIR; };
		E7269E4D1EB8CA650044F1C3 /* Base */ = {isa = PBXFileReference; lastKnownFileType = file.storyboard; name = Base; path = Base.lproj/Interface.storyboard; sourceTree = "<group>"; };
		E7269E4F1EB8CA650044F1C3 /* Assets.xcassets */ = {isa = PBXFileReference; lastKnownFileType = folder.assetcatalog; path = Assets.xcassets; sourceTree = "<group>"; };
		E7269E511EB8CA650044F1C3 /* Info.plist */ = {isa = PBXFileReference; lastKnownFileType = text.plist.xml; path = Info.plist; sourceTree = "<group>"; };
		E7269E561EB8CA650044F1C3 /* Diversion Log WatchKit Extension.appex */ = {isa = PBXFileReference; explicitFileType = "wrapper.app-extension"; includeInIndex = 0; path = "Diversion Log WatchKit Extension.appex"; sourceTree = BUILT_PRODUCTS_DIR; };
		E7269E5C1EB8CA650044F1C3 /* PushNotificationPayload.apns */ = {isa = PBXFileReference; lastKnownFileType = text; path = PushNotificationPayload.apns; sourceTree = "<group>"; };
		E7269E5D1EB8CA650044F1C3 /* InterfaceController.swift */ = {isa = PBXFileReference; lastKnownFileType = sourcecode.swift; path = InterfaceController.swift; sourceTree = "<group>"; };
		E7269E5F1EB8CA650044F1C3 /* ExtensionDelegate.swift */ = {isa = PBXFileReference; lastKnownFileType = sourcecode.swift; path = ExtensionDelegate.swift; sourceTree = "<group>"; };
		E7269E611EB8CA650044F1C3 /* NotificationController.swift */ = {isa = PBXFileReference; lastKnownFileType = sourcecode.swift; path = NotificationController.swift; sourceTree = "<group>"; };
		E7269E631EB8CA650044F1C3 /* Assets.xcassets */ = {isa = PBXFileReference; lastKnownFileType = folder.assetcatalog; path = Assets.xcassets; sourceTree = "<group>"; };
		E7269E651EB8CA650044F1C3 /* Info.plist */ = {isa = PBXFileReference; lastKnownFileType = text.plist.xml; path = Info.plist; sourceTree = "<group>"; };
/* End PBXFileReference section */

/* Begin PBXFrameworksBuildPhase section */
		E7269E321EB8CA650044F1C3 /* Frameworks */ = {
			isa = PBXFrameworksBuildPhase;
			buildActionMask = 2147483647;
			files = (
			);
			runOnlyForDeploymentPostprocessing = 0;
		};
		E7269E531EB8CA650044F1C3 /* Frameworks */ = {
			isa = PBXFrameworksBuildPhase;
			buildActionMask = 2147483647;
			files = (
			);
			runOnlyForDeploymentPostprocessing = 0;
		};
/* End PBXFrameworksBuildPhase section */

/* Begin PBXGroup section */
		E7269E2C1EB8CA640044F1C3 = {
			isa = PBXGroup;
			children = (
				E7269E371EB8CA650044F1C3 /* Diversion Log */,
				E7269E4B1EB8CA650044F1C3 /* Diversion Log WatchKit App */,
				E7269E5A1EB8CA650044F1C3 /* Diversion Log WatchKit Extension */,
				E7269E361EB8CA650044F1C3 /* Products */,
			);
			sourceTree = "<group>";
		};
		E7269E361EB8CA650044F1C3 /* Products */ = {
			isa = PBXGroup;
			children = (
				E7269E351EB8CA650044F1C3 /* Diversion Log.app */,
				E7269E471EB8CA650044F1C3 /* Diversion Log WatchKit App.app */,
				E7269E561EB8CA650044F1C3 /* Diversion Log WatchKit Extension.appex */,
			);
			name = Products;
			sourceTree = "<group>";
		};
		E7269E371EB8CA650044F1C3 /* Diversion Log */ = {
			isa = PBXGroup;
			children = (
				E7269E381EB8CA650044F1C3 /* AppDelegate.swift */,
				E7269E3A1EB8CA650044F1C3 /* ViewController.swift */,
				E7269E3C1EB8CA650044F1C3 /* Main.storyboard */,
				E7269E3F1EB8CA650044F1C3 /* Assets.xcassets */,
				E7269E411EB8CA650044F1C3 /* LaunchScreen.storyboard */,
				E7269E441EB8CA650044F1C3 /* Info.plist */,
			);
			path = "Diversion Log";
			sourceTree = "<group>";
		};
		E7269E4B1EB8CA650044F1C3 /* Diversion Log WatchKit App */ = {
			isa = PBXGroup;
			children = (
				E7269E4C1EB8CA650044F1C3 /* Interface.storyboard */,
				E7269E4F1EB8CA650044F1C3 /* Assets.xcassets */,
				E7269E511EB8CA650044F1C3 /* Info.plist */,
			);
			path = "Diversion Log WatchKit App";
			sourceTree = "<group>";
		};
		E7269E5A1EB8CA650044F1C3 /* Diversion Log WatchKit Extension */ = {
			isa = PBXGroup;
			children = (
				E7269E5D1EB8CA650044F1C3 /* InterfaceController.swift */,
				E7269E5F1EB8CA650044F1C3 /* ExtensionDelegate.swift */,
				E7269E611EB8CA650044F1C3 /* NotificationController.swift */,
				E7269E631EB8CA650044F1C3 /* Assets.xcassets */,
				E7269E651EB8CA650044F1C3 /* Info.plist */,
				E7269E5B1EB8CA650044F1C3 /* Supporting Files */,
			);
			path = "Diversion Log WatchKit Extension";
			sourceTree = "<group>";
		};
		E7269E5B1EB8CA650044F1C3 /* Supporting Files */ = {
			isa = PBXGroup;
			children = (
				E7269E5C1EB8CA650044F1C3 /* PushNotificationPayload.apns */,
			);
			name = "Supporting Files";
			sourceTree = "<group>";
		};
/* End PBXGroup section */

/* Begin PBXNativeTarget section */
		E7269E341EB8CA650044F1C3 /* Diversion Log */ = {
			isa = PBXNativeTarget;
			buildConfigurationList = E7269E701EB8CA650044F1C3 /* Build configuration list for PBXNativeTarget "Diversion Log" */;
			buildPhases = (
				E7269E311EB8CA650044F1C3 /* Sources */,
				E7269E321EB8CA650044F1C3 /* Frameworks */,
				E7269E331EB8CA650044F1C3 /* Resources */,
				E7269E6F1EB8CA650044F1C3 /* Embed Watch Content */,
			);
			buildRules = (
			);
			dependencies = (
				E7269E4A1EB8CA650044F1C3 /* PBXTargetDependency */,
			);
			name = "Diversion Log";
			productName = "Diversion Log";
			productReference = E7269E351EB8CA650044F1C3 /* Diversion Log.app */;
			productType = "com.apple.product-type.application";
		};
		E7269E461EB8CA650044F1C3 /* Diversion Log WatchKit App */ = {
			isa = PBXNativeTarget;
			buildConfigurationList = E7269E6C1EB8CA650044F1C3 /* Build configuration list for PBXNativeTarget "Diversion Log WatchKit App" */;
			buildPhases = (
				E7269E451EB8CA650044F1C3 /* Resources */,
				E7269E6B1EB8CA650044F1C3 /* Embed App Extensions */,
			);
			buildRules = (
			);
			dependencies = (
				E7269E591EB8CA650044F1C3 /* PBXTargetDependency */,
			);
			name = "Diversion Log WatchKit App";
			productName = "Diversion Log WatchKit App";
			productReference = E7269E471EB8CA650044F1C3 /* Diversion Log WatchKit App.app */;
			productType = "com.apple.product-type.application.watchapp2";
		};
		E7269E551EB8CA650044F1C3 /* Diversion Log WatchKit Extension */ = {
			isa = PBXNativeTarget;
			buildConfigurationList = E7269E681EB8CA650044F1C3 /* Build configuration list for PBXNativeTarget "Diversion Log WatchKit Extension" */;
			buildPhases = (
				E7269E521EB8CA650044F1C3 /* Sources */,
				E7269E531EB8CA650044F1C3 /* Frameworks */,
				E7269E541EB8CA650044F1C3 /* Resources */,
			);
			buildRules = (
			);
			dependencies = (
			);
			name = "Diversion Log WatchKit Extension";
			productName = "Diversion Log WatchKit Extension";
			productReference = E7269E561EB8CA650044F1C3 /* Diversion Log WatchKit Extension.appex */;
			productType = "com.apple.product-type.watchkit2-extension";
		};
/* End PBXNativeTarget section */

/* Begin PBXProject section */
		E7269E2D1EB8CA640044F1C3 /* Project object */ = {
			isa = PBXProject;
			attributes = {
				LastSwiftUpdateCheck = 0830;
				LastUpgradeCheck = 0830;
				ORGANIZATIONNAME = "Khaled Rahman-Ayon";
				TargetAttributes = {
					E7269E341EB8CA650044F1C3 = {
						CreatedOnToolsVersion = 8.3.2;
						DevelopmentTeam = UHJSHJ73VS;
						ProvisioningStyle = Automatic;
					};
					E7269E461EB8CA650044F1C3 = {
						CreatedOnToolsVersion = 8.3.2;
						DevelopmentTeam = UHJSHJ73VS;
						ProvisioningStyle = Automatic;
					};
					E7269E551EB8CA650044F1C3 = {
						CreatedOnToolsVersion = 8.3.2;
						DevelopmentTeam = UHJSHJ73VS;
						ProvisioningStyle = Automatic;
					};
				};
			};
			buildConfigurationList = E7269E301EB8CA640044F1C3 /* Build configuration list for PBXProject "Diversion Log" */;
			compatibilityVersion = "Xcode 3.2";
			developmentRegion = English;
			hasScannedForEncodings = 0;
			knownRegions = (
				en,
				Base,
			);
			mainGroup = E7269E2C1EB8CA640044F1C3;
			productRefGroup = E7269E361EB8CA650044F1C3 /* Products */;
			projectDirPath = "";
			projectRoot = "";
			targets = (
				E7269E341EB8CA650044F1C3 /* Diversion Log */,
				E7269E461EB8CA650044F1C3 /* Diversion Log WatchKit App */,
				E7269E551EB8CA650044F1C3 /* Diversion Log WatchKit Extension */,
			);
		};
/* End PBXProject section */

/* Begin PBXResourcesBuildPhase section */
		E7269E331EB8CA650044F1C3 /* Resources */ = {
			isa = PBXResourcesBuildPhase;
			buildActionMask = 2147483647;
			files = (
				E7269E431EB8CA650044F1C3 /* LaunchScreen.storyboard in Resources */,
				E7269E401EB8CA650044F1C3 /* Assets.xcassets in Resources */,
				E7269E3E1EB8CA650044F1C3 /* Main.storyboard in Resources */,
			);
			runOnlyForDeploymentPostprocessing = 0;
		};
		E7269E451EB8CA650044F1C3 /* Resources */ = {
			isa = PBXResourcesBuildPhase;
			buildActionMask = 2147483647;
			files = (
				E7269E501EB8CA650044F1C3 /* Assets.xcassets in Resources */,
				E7269E4E1EB8CA650044F1C3 /* Interface.storyboard in Resources */,
			);
			runOnlyForDeploymentPostprocessing = 0;
		};
		E7269E541EB8CA650044F1C3 /* Resources */ = {
			isa = PBXResourcesBuildPhase;
			buildActionMask = 2147483647;
			files = (
				E7269E641EB8CA650044F1C3 /* Assets.xcassets in Resources */,
			);
			runOnlyForDeploymentPostprocessing = 0;
		};
/* End PBXResourcesBuildPhase section */

/* Begin PBXSourcesBuildPhase section */
		E7269E311EB8CA650044F1C3 /* Sources */ = {
			isa = PBXSourcesBuildPhase;
			buildActionMask = 2147483647;
			files = (
				E7269E3B1EB8CA650044F1C3 /* ViewController.swift in Sources */,
				E7269E391EB8CA650044F1C3 /* AppDelegate.swift in Sources */,
			);
			runOnlyForDeploymentPostprocessing = 0;
		};
		E7269E521EB8CA650044F1C3 /* Sources */ = {
			isa = PBXSourcesBuildPhase;
			buildActionMask = 2147483647;
			files = (
				E7269E621EB8CA650044F1C3 /* NotificationController.swift in Sources */,
				E7269E601EB8CA650044F1C3 /* ExtensionDelegate.swift in Sources */,
				E7269E5E1EB8CA650044F1C3 /* InterfaceController.swift in Sources */,
			);
			runOnlyForDeploymentPostprocessing = 0;
		};
/* End PBXSourcesBuildPhase section */

/* Begin PBXTargetDependency section */
		E7269E4A1EB8CA650044F1C3 /* PBXTargetDependency */ = {
			isa = PBXTargetDependency;
			target = E7269E461EB8CA650044F1C3 /* Diversion Log WatchKit App */;
			targetProxy = E7269E491EB8CA650044F1C3 /* PBXContainerItemProxy */;
		};
		E7269E591EB8CA650044F1C3 /* PBXTargetDependency */ = {
			isa = PBXTargetDependency;
			target = E7269E551EB8CA650044F1C3 /* Diversion Log WatchKit Extension */;
			targetProxy = E7269E581EB8CA650044F1C3 /* PBXContainerItemProxy */;
		};
/* End PBXTargetDependency section */

/* Begin PBXVariantGroup section */
		E7269E3C1EB8CA650044F1C3 /* Main.storyboard */ = {
			isa = PBXVariantGroup;
			children = (
				E7269E3D1EB8CA650044F1C3 /* Base */,
			);
			name = Main.storyboard;
			sourceTree = "<group>";
		};
		E7269E411EB8CA650044F1C3 /* LaunchScreen.storyboard */ = {
			isa = PBXVariantGroup;
			children = (
				E7269E421EB8CA650044F1C3 /* Base */,
			);
			name = LaunchScreen.storyboard;
			sourceTree = "<group>";
		};
		E7269E4C1EB8CA650044F1C3 /* Interface.storyboard */ = {
			isa = PBXVariantGroup;
			children = (
				E7269E4D1EB8CA650044F1C3 /* Base */,
			);
			name = Interface.storyboard;
			sourceTree = "<group>";
		};
/* End PBXVariantGroup section */

/* Begin XCBuildConfiguration section */
		E7269E661EB8CA650044F1C3 /* Debug */ = {
			isa = XCBuildConfiguration;
			buildSettings = {
				ALWAYS_SEARCH_USER_PATHS = NO;
				CLANG_ANALYZER_NONNULL = YES;
				CLANG_ANALYZER_NUMBER_OBJECT_CONVERSION = YES_AGGRESSIVE;
				CLANG_CXX_LANGUAGE_STANDARD = "gnu++0x";
				CLANG_CXX_LIBRARY = "libc++";
				CLANG_ENABLE_MODULES = YES;
				CLANG_ENABLE_OBJC_ARC = YES;
				CLANG_WARN_BOOL_CONVERSION = YES;
				CLANG_WARN_CONSTANT_CONVERSION = YES;
				CLANG_WARN_DIRECT_OBJC_ISA_USAGE = YES_ERROR;
				CLANG_WARN_DOCUMENTATION_COMMENTS = YES;
				CLANG_WARN_EMPTY_BODY = YES;
				CLANG_WARN_ENUM_CONVERSION = YES;
				CLANG_WARN_INFINITE_RECURSION = YES;
				CLANG_WARN_INT_CONVERSION = YES;
				CLANG_WARN_OBJC_ROOT_CLASS = YES_ERROR;
				CLANG_WARN_SUSPICIOUS_MOVE = YES;
				CLANG_WARN_UNREACHABLE_CODE = YES;
				CLANG_WARN__DUPLICATE_METHOD_MATCH = YES;
				"CODE_SIGN_IDENTITY[sdk=iphoneos*]" = "iPhone Developer";
				COPY_PHASE_STRIP = NO;
				DEBUG_INFORMATION_FORMAT = dwarf;
				ENABLE_STRICT_OBJC_MSGSEND = YES;
				ENABLE_TESTABILITY = YES;
				GCC_C_LANGUAGE_STANDARD = gnu99;
				GCC_DYNAMIC_NO_PIC = NO;
				GCC_NO_COMMON_BLOCKS = YES;
				GCC_OPTIMIZATION_LEVEL = 0;
				GCC_PREPROCESSOR_DEFINITIONS = (
					"DEBUG=1",
					"$(inherited)",
				);
				GCC_WARN_64_TO_32_BIT_CONVERSION = YES;
				GCC_WARN_ABOUT_RETURN_TYPE = YES_ERROR;
				GCC_WARN_UNDECLARED_SELECTOR = YES;
				GCC_WARN_UNINITIALIZED_AUTOS = YES_AGGRESSIVE;
				GCC_WARN_UNUSED_FUNCTION = YES;
				GCC_WARN_UNUSED_VARIABLE = YES;
				IPHONEOS_DEPLOYMENT_TARGET = 10.3;
				MTL_ENABLE_DEBUG_INFO = YES;
				ONLY_ACTIVE_ARCH = YES;
				SDKROOT = iphoneos;
				SWIFT_ACTIVE_COMPILATION_CONDITIONS = DEBUG;
				SWIFT_OPTIMIZATION_LEVEL = "-Onone";
			};
			name = Debug;
		};
		E7269E671EB8CA650044F1C3 /* Release */ = {
			isa = XCBuildConfiguration;
			buildSettings = {
				ALWAYS_SEARCH_USER_PATHS = NO;
				CLANG_ANALYZER_NONNULL = YES;
				CLANG_ANALYZER_NUMBER_OBJECT_CONVERSION = YES_AGGRESSIVE;
				CLANG_CXX_LANGUAGE_STANDARD = "gnu++0x";
				CLANG_CXX_LIBRARY = "libc++";
				CLANG_ENABLE_MODULES = YES;
				CLANG_ENABLE_OBJC_ARC = YES;
				CLANG_WARN_BOOL_CONVERSION = YES;
				CLANG_WARN_CONSTANT_CONVERSION = YES;
				CLANG_WARN_DIRECT_OBJC_ISA_USAGE = YES_ERROR;
				CLANG_WARN_DOCUMENTATION_COMMENTS = YES;
				CLANG_WARN_EMPTY_BODY = YES;
				CLANG_WARN_ENUM_CONVERSION = YES;
				CLANG_WARN_INFINITE_RECURSION = YES;
				CLANG_WARN_INT_CONVERSION = YES;
				CLANG_WARN_OBJC_ROOT_CLASS = YES_ERROR;
				CLANG_WARN_SUSPICIOUS_MOVE = YES;
				CLANG_WARN_UNREACHABLE_CODE = YES;
				CLANG_WARN__DUPLICATE_METHOD_MATCH = YES;
				"CODE_SIGN_IDENTITY[sdk=iphoneos*]" = "iPhone Developer";
				COPY_PHASE_STRIP = NO;
				DEBUG_INFORMATION_FORMAT = "dwarf-with-dsym";
				ENABLE_NS_ASSERTIONS = NO;
				ENABLE_STRICT_OBJC_MSGSEND = YES;
				GCC_C_LANGUAGE_STANDARD = gnu99;
				GCC_NO_COMMON_BLOCKS = YES;
				GCC_WARN_64_TO_32_BIT_CONVERSION = YES;
				GCC_WARN_ABOUT_RETURN_TYPE = YES_ERROR;
				GCC_WARN_UNDECLARED_SELECTOR = YES;
				GCC_WARN_UNINITIALIZED_AUTOS = YES_AGGRESSIVE;
				GCC_WARN_UNUSED_FUNCTION = YES;
				GCC_WARN_UNUSED_VARIABLE = YES;
				IPHONEOS_DEPLOYMENT_TARGET = 10.3;
				MTL_ENABLE_DEBUG_INFO = NO;
				SDKROOT = iphoneos;
				SWIFT_OPTIMIZATION_LEVEL = "-Owholemodule";
				VALIDATE_PRODUCT = YES;
			};
			name = Release;
		};
		E7269E691EB8CA650044F1C3 /* Debug */ = {
			isa = XCBuildConfiguration;
			buildSettings = {
				ASSETCATALOG_COMPILER_COMPLICATION_NAME = Complication;
				DEVELOPMENT_TEAM = UHJSHJ73VS;
				INFOPLIST_FILE = "Diversion Log WatchKit Extension/Info.plist";
				LD_RUNPATH_SEARCH_PATHS = "$(inherited) @executable_path/Frameworks @executable_path/../../Frameworks";
				PRODUCT_BUNDLE_IDENTIFIER = "com.docDevs.Diversion-Log.watchkitapp.watchkitextension";
				PRODUCT_NAME = "${TARGET_NAME}";
				SDKROOT = watchos;
				SKIP_INSTALL = YES;
				SWIFT_VERSION = 3.0;
				TARGETED_DEVICE_FAMILY = 4;
				WATCHOS_DEPLOYMENT_TARGET = 3.2;
			};
			name = Debug;
		};
		E7269E6A1EB8CA650044F1C3 /* Release */ = {
			isa = XCBuildConfiguration;
			buildSettings = {
				ASSETCATALOG_COMPILER_COMPLICATION_NAME = Complication;
				DEVELOPMENT_TEAM = UHJSHJ73VS;
				INFOPLIST_FILE = "Diversion Log WatchKit Extension/Info.plist";
				LD_RUNPATH_SEARCH_PATHS = "$(inherited) @executable_path/Frameworks @executable_path/../../Frameworks";
				PRODUCT_BUNDLE_IDENTIFIER = "com.docDevs.Diversion-Log.watchkitapp.watchkitextension";
				PRODUCT_NAME = "${TARGET_NAME}";
				SDKROOT = watchos;
				SKIP_INSTALL = YES;
				SWIFT_VERSION = 3.0;
				TARGETED_DEVICE_FAMILY = 4;
				WATCHOS_DEPLOYMENT_TARGET = 3.2;
			};
			name = Release;
		};
		E7269E6D1EB8CA650044F1C3 /* Debug */ = {
			isa = XCBuildConfiguration;
			buildSettings = {
				ALWAYS_EMBED_SWIFT_STANDARD_LIBRARIES = YES;
				ASSETCATALOG_COMPILER_APPICON_NAME = AppIcon;
				DEVELOPMENT_TEAM = UHJSHJ73VS;
				IBSC_MODULE = Diversion_Log_WatchKit_Extension;
				INFOPLIST_FILE = "Diversion Log WatchKit App/Info.plist";
				PRODUCT_BUNDLE_IDENTIFIER = "com.docDevs.Diversion-Log.watchkitapp";
				PRODUCT_NAME = "$(TARGET_NAME)";
				SDKROOT = watchos;
				SKIP_INSTALL = YES;
				SWIFT_VERSION = 3.0;
				TARGETED_DEVICE_FAMILY = 4;
				WATCHOS_DEPLOYMENT_TARGET = 3.2;
			};
			name = Debug;
		};
		E7269E6E1EB8CA650044F1C3 /* Release */ = {
			isa = XCBuildConfiguration;
			buildSettings = {
				ALWAYS_EMBED_SWIFT_STANDARD_LIBRARIES = YES;
				ASSETCATALOG_COMPILER_APPICON_NAME = AppIcon;
				DEVELOPMENT_TEAM = UHJSHJ73VS;
				IBSC_MODULE = Diversion_Log_WatchKit_Extension;
				INFOPLIST_FILE = "Diversion Log WatchKit App/Info.plist";
				PRODUCT_BUNDLE_IDENTIFIER = "com.docDevs.Diversion-Log.watchkitapp";
				PRODUCT_NAME = "$(TARGET_NAME)";
				SDKROOT = watchos;
				SKIP_INSTALL = YES;
				SWIFT_VERSION = 3.0;
				TARGETED_DEVICE_FAMILY = 4;
				WATCHOS_DEPLOYMENT_TARGET = 3.2;
			};
			name = Release;
		};
		E7269E711EB8CA650044F1C3 /* Debug */ = {
			isa = XCBuildConfiguration;
			buildSettings = {
				ASSETCATALOG_COMPILER_APPICON_NAME = AppIcon;
				DEVELOPMENT_TEAM = UHJSHJ73VS;
				INFOPLIST_FILE = "Diversion Log/Info.plist";
				LD_RUNPATH_SEARCH_PATHS = "$(inherited) @executable_path/Frameworks";
				PRODUCT_BUNDLE_IDENTIFIER = "com.docDevs.Diversion-Log";
				PRODUCT_NAME = "$(TARGET_NAME)";
				SWIFT_VERSION = 3.0;
			};
			name = Debug;
		};
		E7269E721EB8CA650044F1C3 /* Release */ = {
			isa = XCBuildConfiguration;
			buildSettings = {
				ASSETCATALOG_COMPILER_APPICON_NAME = AppIcon;
				DEVELOPMENT_TEAM = UHJSHJ73VS;
				INFOPLIST_FILE = "Diversion Log/Info.plist";
				LD_RUNPATH_SEARCH_PATHS = "$(inherited) @executable_path/Frameworks";
				PRODUCT_BUNDLE_IDENTIFIER = "com.docDevs.Diversion-Log";
				PRODUCT_NAME = "$(TARGET_NAME)";
				SWIFT_VERSION = 3.0;
			};
			name = Release;
		};
/* End XCBuildConfiguration section */

/* Begin XCConfigurationList section */
		E7269E301EB8CA640044F1C3 /* Build configuration list for PBXProject "Diversion Log" */ = {
			isa = XCConfigurationList;
			buildConfigurations = (
				E7269E661EB8CA650044F1C3 /* Debug */,
				E7269E671EB8CA650044F1C3 /* Release */,
			);
			defaultConfigurationIsVisible = 0;
			defaultConfigurationName = Release;
		};
		E7269E681EB8CA650044F1C3 /* Build configuration list for PBXNativeTarget "Diversion Log WatchKit Extension" */ = {
			isa = XCConfigurationList;
			buildConfigurations = (
				E7269E691EB8CA650044F1C3 /* Debug */,
				E7269E6A1EB8CA650044F1C3 /* Release */,
			);
			defaultConfigurationIsVisible = 0;
		};
		E7269E6C1EB8CA650044F1C3 /* Build configuration list for PBXNativeTarget "Diversion Log WatchKit App" */ = {
			isa = XCConfigurationList;
			buildConfigurations = (
				E7269E6D1EB8CA650044F1C3 /* Debug */,
				E7269E6E1EB8CA650044F1C3 /* Release */,
			);
			defaultConfigurationIsVisible = 0;
		};
		E7269E701EB8CA650044F1C3 /* Build configuration list for PBXNativeTarget "Diversion Log" */ = {
			isa = XCConfigurationList;
			buildConfigurations = (
				E7269E711EB8CA650044F1C3 /* Debug */,
				E7269E721EB8CA650044F1C3 /* Release */,
			);
			defaultConfigurationIsVisible = 0;
		};
/* End XCConfigurationList section */
	};
	rootObject = E7269E2D1EB8CA640044F1C3 /* Project object */;
}
